
Microsoft Visual Studio Solution File, Format Version 12.00
# Visual Studio Version 17
VisualStudioVersion = 17.11.35219.272
MinimumVisualStudioVersion = 10.0.40219.1
Project("{FAE04EC0-301F-11D3-BF4B-00C04F79EFBC}") = "Corte1,", "Corte1,\Corte1,.csproj", "{37C54529-7BF9-4E62-BEE9-DD680AF9A69D}"
EndProject
Global
	GlobalSection(SolutionConfigurationPlatforms) = preSolution
		Debug|Any CPU = Debug|Any CPU
		Release|Any CPU = Release|Any CPU
	EndGlobalSection
	GlobalSection(ProjectConfigurationPlatforms) = postSolution
		{37C54529-7BF9-4E62-BEE9-DD680AF9A69D}.Debug|Any CPU.ActiveCfg = Debug|Any CPU
		{37C54529-7BF9-4E62-BEE9-DD680AF9A69D}.Debug|Any CPU.Build.0 = Debug|Any CPU
		{37C54529-7BF9-4E62-BEE9-DD680AF9A69D}.Release|Any CPU.ActiveCfg = Release|Any CPU
		{37C54529-7BF9-4E62-BEE9-DD680AF9A69D}.Release|Any CPU.Build.0 = Release|Any CPU
	EndGlobalSection
	GlobalSection(SolutionProperties) = preSolution
		HideSolutionNode = FALSE
	EndGlobalSection
	GlobalSection(ExtensibilityGlobals) = postSolution
		SolutionGuid = {BC73660E-6F2C-4F2B-AB22-EB7180A070A0}
	EndGlobalSection
EndGlobal
